
Microsoft Visual Studio Solution File, Format Version 12.00
# Visual Studio Version 16
VisualStudioVersion = 16.0.30114.105
MinimumVisualStudioVersion = 10.0.40219.1
Project("{FAE04EC0-301F-11D3-BF4B-00C04F79EFBC}") = "application", "Api.Application\application.csproj", "{B374285F-8A04-4C86-9651-2F9A3A946F0F}"
EndProject
Project("{FAE04EC0-301F-11D3-BF4B-00C04F79EFBC}") = "Domain", "Api.Domain\Domain.csproj", "{F4F370CF-B222-443E-91E7-88AB11D12DCA}"
EndProject
Project("{FAE04EC0-301F-11D3-BF4B-00C04F79EFBC}") = "CrossCutting", "Api.CrossCutting\CrossCutting.csproj", "{A4D12E30-69B2-4D11-9796-1592EFC8DCE3}"
EndProject
Project("{FAE04EC0-301F-11D3-BF4B-00C04F79EFBC}") = "Data", "Api.Data\Data.csproj", "{55FF1A76-5F2A-4E6D-B571-655D508FBD04}"
EndProject
Project("{FAE04EC0-301F-11D3-BF4B-00C04F79EFBC}") = "Service", "Api.Service\Service.csproj", "{7DAA878B-C23B-4521-93A2-358F964C91EC}"
EndProject
Project("{FAE04EC0-301F-11D3-BF4B-00C04F79EFBC}") = "Api.Data.Test", "Api.Data.Test\Api.Data.Test.csproj", "{E0E28284-0214-4D09-BBAB-71F1AA686DB0}"
EndProject
Project("{FAE04EC0-301F-11D3-BF4B-00C04F79EFBC}") = "Api.Service.Test", "Api.Service.Test\Api.Service.Test.csproj", "{5B951C3A-130B-4670-81FB-16966339EB9E}"
EndProject
Project("{FAE04EC0-301F-11D3-BF4B-00C04F79EFBC}") = "Api.Application.Test", "Api.Application.Test\Api.Application.Test.csproj", "{E605295F-3BC7-48C5-A0D9-3F77BD8DE058}"
EndProject
Project("{FAE04EC0-301F-11D3-BF4B-00C04F79EFBC}") = "Api.Integration.Test", "Api.Integration.Test\Api.Integration.Test.csproj", "{4815A68C-D0E4-4DF0-9ABB-1C78D1F24A30}"
EndProject
Global
	GlobalSection(SolutionConfigurationPlatforms) = preSolution
		Debug|Any CPU = Debug|Any CPU
		Debug|x64 = Debug|x64
		Debug|x86 = Debug|x86
		Release|Any CPU = Release|Any CPU
		Release|x64 = Release|x64
		Release|x86 = Release|x86
	EndGlobalSection
	GlobalSection(SolutionProperties) = preSolution
		HideSolutionNode = FALSE
	EndGlobalSection
	GlobalSection(ProjectConfigurationPlatforms) = postSolution
		{B374285F-8A04-4C86-9651-2F9A3A946F0F}.Debug|Any CPU.ActiveCfg = Debug|Any CPU
		{B374285F-8A04-4C86-9651-2F9A3A946F0F}.Debug|Any CPU.Build.0 = Debug|Any CPU
		{B374285F-8A04-4C86-9651-2F9A3A946F0F}.Debug|x64.ActiveCfg = Debug|Any CPU
		{B374285F-8A04-4C86-9651-2F9A3A946F0F}.Debug|x64.Build.0 = Debug|Any CPU
		{B374285F-8A04-4C86-9651-2F9A3A946F0F}.Debug|x86.ActiveCfg = Debug|Any CPU
		{B374285F-8A04-4C86-9651-2F9A3A946F0F}.Debug|x86.Build.0 = Debug|Any CPU
		{B374285F-8A04-4C86-9651-2F9A3A946F0F}.Release|Any CPU.ActiveCfg = Release|Any CPU
		{B374285F-8A04-4C86-9651-2F9A3A946F0F}.Release|Any CPU.Build.0 = Release|Any CPU
		{B374285F-8A04-4C86-9651-2F9A3A946F0F}.Release|x64.ActiveCfg = Release|Any CPU
		{B374285F-8A04-4C86-9651-2F9A3A946F0F}.Release|x64.Build.0 = Release|Any CPU
		{B374285F-8A04-4C86-9651-2F9A3A946F0F}.Release|x86.ActiveCfg = Release|Any CPU
		{B374285F-8A04-4C86-9651-2F9A3A946F0F}.Release|x86.Build.0 = Release|Any CPU
		{F4F370CF-B222-443E-91E7-88AB11D12DCA}.Debug|Any CPU.ActiveCfg = Debug|Any CPU
		{F4F370CF-B222-443E-91E7-88AB11D12DCA}.Debug|Any CPU.Build.0 = Debug|Any CPU
		{F4F370CF-B222-443E-91E7-88AB11D12DCA}.Debug|x64.ActiveCfg = Debug|Any CPU
		{F4F370CF-B222-443E-91E7-88AB11D12DCA}.Debug|x64.Build.0 = Debug|Any CPU
		{F4F370CF-B222-443E-91E7-88AB11D12DCA}.Debug|x86.ActiveCfg = Debug|Any CPU
		{F4F370CF-B222-443E-91E7-88AB11D12DCA}.Debug|x86.Build.0 = Debug|Any CPU
		{F4F370CF-B222-443E-91E7-88AB11D12DCA}.Release|Any CPU.ActiveCfg = Release|Any CPU
		{F4F370CF-B222-443E-91E7-88AB11D12DCA}.Release|Any CPU.Build.0 = Release|Any CPU
		{F4F370CF-B222-443E-91E7-88AB11D12DCA}.Release|x64.ActiveCfg = Release|Any CPU
		{F4F370CF-B222-443E-91E7-88AB11D12DCA}.Release|x64.Build.0 = Release|Any CPU
		{F4F370CF-B222-443E-91E7-88AB11D12DCA}.Release|x86.ActiveCfg = Release|Any CPU
		{F4F370CF-B222-443E-91E7-88AB11D12DCA}.Release|x86.Build.0 = Release|Any CPU
		{A4D12E30-69B2-4D11-9796-1592EFC8DCE3}.Debug|Any CPU.ActiveCfg = Debug|Any CPU
		{A4D12E30-69B2-4D11-9796-1592EFC8DCE3}.Debug|Any CPU.Build.0 = Debug|Any CPU
		{A4D12E30-69B2-4D11-9796-1592EFC8DCE3}.Debug|x64.ActiveCfg = Debug|Any CPU
		{A4D12E30-69B2-4D11-9796-1592EFC8DCE3}.Debug|x64.Build.0 = Debug|Any CPU
		{A4D12E30-69B2-4D11-9796-1592EFC8DCE3}.Debug|x86.ActiveCfg = Debug|Any CPU
		{A4D12E30-69B2-4D11-9796-1592EFC8DCE3}.Debug|x86.Build.0 = Debug|Any CPU
		{A4D12E30-69B2-4D11-9796-1592EFC8DCE3}.Release|Any CPU.ActiveCfg = Release|Any CPU
		{A4D12E30-69B2-4D11-9796-1592EFC8DCE3}.Release|Any CPU.Build.0 = Release|Any CPU
		{A4D12E30-69B2-4D11-9796-1592EFC8DCE3}.Release|x64.ActiveCfg = Release|Any CPU
		{A4D12E30-69B2-4D11-9796-1592EFC8DCE3}.Release|x64.Build.0 = Release|Any CPU
		{A4D12E30-69B2-4D11-9796-1592EFC8DCE3}.Release|x86.ActiveCfg = Release|Any CPU
		{A4D12E30-69B2-4D11-9796-1592EFC8DCE3}.Release|x86.Build.0 = Release|Any CPU
		{55FF1A76-5F2A-4E6D-B571-655D508FBD04}.Debug|Any CPU.ActiveCfg = Debug|Any CPU
		{55FF1A76-5F2A-4E6D-B571-655D508FBD04}.Debug|Any CPU.Build.0 = Debug|Any CPU
		{55FF1A76-5F2A-4E6D-B571-655D508FBD04}.Debug|x64.ActiveCfg = Debug|Any CPU
		{55FF1A76-5F2A-4E6D-B571-655D508FBD04}.Debug|x64.Build.0 = Debug|Any CPU
		{55FF1A76-5F2A-4E6D-B571-655D508FBD04}.Debug|x86.ActiveCfg = Debug|Any CPU
		{55FF1A76-5F2A-4E6D-B571-655D508FBD04}.Debug|x86.Build.0 = Debug|Any CPU
		{55FF1A76-5F2A-4E6D-B571-655D508FBD04}.Release|Any CPU.ActiveCfg = Release|Any CPU
		{55FF1A76-5F2A-4E6D-B571-655D508FBD04}.Release|Any CPU.Build.0 = Release|Any CPU
		{55FF1A76-5F2A-4E6D-B571-655D508FBD04}.Release|x64.ActiveCfg = Release|Any CPU
		{55FF1A76-5F2A-4E6D-B571-655D508FBD04}.Release|x64.Build.0 = Release|Any CPU
		{55FF1A76-5F2A-4E6D-B571-655D508FBD04}.Release|x86.ActiveCfg = Release|Any CPU
		{55FF1A76-5F2A-4E6D-B571-655D508FBD04}.Release|x86.Build.0 = Release|Any CPU
		{7DAA878B-C23B-4521-93A2-358F964C91EC}.Debug|Any CPU.ActiveCfg = Debug|Any CPU
		{7DAA878B-C23B-4521-93A2-358F964C91EC}.Debug|Any CPU.Build.0 = Debug|Any CPU
		{7DAA878B-C23B-4521-93A2-358F964C91EC}.Debug|x64.ActiveCfg = Debug|Any CPU
		{7DAA878B-C23B-4521-93A2-358F964C91EC}.Debug|x64.Build.0 = Debug|Any CPU
		{7DAA878B-C23B-4521-93A2-358F964C91EC}.Debug|x86.ActiveCfg = Debug|Any CPU
		{7DAA878B-C23B-4521-93A2-358F964C91EC}.Debug|x86.Build.0 = Debug|Any CPU
		{7DAA878B-C23B-4521-93A2-358F964C91EC}.Release|Any CPU.ActiveCfg = Release|Any CPU
		{7DAA878B-C23B-4521-93A2-358F964C91EC}.Release|Any CPU.Build.0 = Release|Any CPU
		{7DAA878B-C23B-4521-93A2-358F964C91EC}.Release|x64.ActiveCfg = Release|Any CPU
		{7DAA878B-C23B-4521-93A2-358F964C91EC}.Release|x64.Build.0 = Release|Any CPU
		{7DAA878B-C23B-4521-93A2-358F964C91EC}.Release|x86.ActiveCfg = Release|Any CPU
		{7DAA878B-C23B-4521-93A2-358F964C91EC}.Release|x86.Build.0 = Release|Any CPU
		{E0E28284-0214-4D09-BBAB-71F1AA686DB0}.Debug|Any CPU.ActiveCfg = Debug|Any CPU
		{E0E28284-0214-4D09-BBAB-71F1AA686DB0}.Debug|Any CPU.Build.0 = Debug|Any CPU
		{E0E28284-0214-4D09-BBAB-71F1AA686DB0}.Debug|x64.ActiveCfg = Debug|Any CPU
		{E0E28284-0214-4D09-BBAB-71F1AA686DB0}.Debug|x64.Build.0 = Debug|Any CPU
		{E0E28284-0214-4D09-BBAB-71F1AA686DB0}.Debug|x86.ActiveCfg = Debug|Any CPU
		{E0E28284-0214-4D09-BBAB-71F1AA686DB0}.Debug|x86.Build.0 = Debug|Any CPU
		{E0E28284-0214-4D09-BBAB-71F1AA686DB0}.Release|Any CPU.ActiveCfg = Release|Any CPU
		{E0E28284-0214-4D09-BBAB-71F1AA686DB0}.Release|Any CPU.Build.0 = Release|Any CPU
		{E0E28284-0214-4D09-BBAB-71F1AA686DB0}.Release|x64.ActiveCfg = Release|Any CPU
		{E0E28284-0214-4D09-BBAB-71F1AA686DB0}.Release|x64.Build.0 = Release|Any CPU
		{E0E28284-0214-4D09-BBAB-71F1AA686DB0}.Release|x86.ActiveCfg = Release|Any CPU
		{E0E28284-0214-4D09-BBAB-71F1AA686DB0}.Release|x86.Build.0 = Release|Any CPU
		{5B951C3A-130B-4670-81FB-16966339EB9E}.Debug|Any CPU.ActiveCfg = Debug|Any CPU
		{5B951C3A-130B-4670-81FB-16966339EB9E}.Debug|Any CPU.Build.0 = Debug|Any CPU
		{5B951C3A-130B-4670-81FB-16966339EB9E}.Debug|x64.ActiveCfg = Debug|Any CPU
		{5B951C3A-130B-4670-81FB-16966339EB9E}.Debug|x64.Build.0 = Debug|Any CPU
		{5B951C3A-130B-4670-81FB-16966339EB9E}.Debug|x86.ActiveCfg = Debug|Any CPU
		{5B951C3A-130B-4670-81FB-16966339EB9E}.Debug|x86.Build.0 = Debug|Any CPU
		{5B951C3A-130B-4670-81FB-16966339EB9E}.Release|Any CPU.ActiveCfg = Release|Any CPU
		{5B951C3A-130B-4670-81FB-16966339EB9E}.Release|Any CPU.Build.0 = Release|Any CPU
		{5B951C3A-130B-4670-81FB-16966339EB9E}.Release|x64.ActiveCfg = Release|Any CPU
		{5B951C3A-130B-4670-81FB-16966339EB9E}.Release|x64.Build.0 = Release|Any CPU
		{5B951C3A-130B-4670-81FB-16966339EB9E}.Release|x86.ActiveCfg = Release|Any CPU
		{5B951C3A-130B-4670-81FB-16966339EB9E}.Release|x86.Build.0 = Release|Any CPU
		{E605295F-3BC7-48C5-A0D9-3F77BD8DE058}.Debug|Any CPU.ActiveCfg = Debug|Any CPU
		{E605295F-3BC7-48C5-A0D9-3F77BD8DE058}.Debug|Any CPU.Build.0 = Debug|Any CPU
		{E605295F-3BC7-48C5-A0D9-3F77BD8DE058}.Debug|x64.ActiveCfg = Debug|Any CPU
		{E605295F-3BC7-48C5-A0D9-3F77BD8DE058}.Debug|x64.Build.0 = Debug|Any CPU
		{E605295F-3BC7-48C5-A0D9-3F77BD8DE058}.Debug|x86.ActiveCfg = Debug|Any CPU
		{E605295F-3BC7-48C5-A0D9-3F77BD8DE058}.Debug|x86.Build.0 = Debug|Any CPU
		{E605295F-3BC7-48C5-A0D9-3F77BD8DE058}.Release|Any CPU.ActiveCfg = Release|Any CPU
		{E605295F-3BC7-48C5-A0D9-3F77BD8DE058}.Release|Any CPU.Build.0 = Release|Any CPU
		{E605295F-3BC7-48C5-A0D9-3F77BD8DE058}.Release|x64.ActiveCfg = Release|Any CPU
		{E605295F-3BC7-48C5-A0D9-3F77BD8DE058}.Release|x64.Build.0 = Release|Any CPU
		{E605295F-3BC7-48C5-A0D9-3F77BD8DE058}.Release|x86.ActiveCfg = Release|Any CPU
		{E605295F-3BC7-48C5-A0D9-3F77BD8DE058}.Release|x86.Build.0 = Release|Any CPU
		{4815A68C-D0E4-4DF0-9ABB-1C78D1F24A30}.Debug|Any CPU.ActiveCfg = Debug|Any CPU
		{4815A68C-D0E4-4DF0-9ABB-1C78D1F24A30}.Debug|Any CPU.Build.0 = Debug|Any CPU
		{4815A68C-D0E4-4DF0-9ABB-1C78D1F24A30}.Debug|x64.ActiveCfg = Debug|Any CPU
		{4815A68C-D0E4-4DF0-9ABB-1C78D1F24A30}.Debug|x64.Build.0 = Debug|Any CPU
		{4815A68C-D0E4-4DF0-9ABB-1C78D1F24A30}.Debug|x86.ActiveCfg = Debug|Any CPU
		{4815A68C-D0E4-4DF0-9ABB-1C78D1F24A30}.Debug|x86.Build.0 = Debug|Any CPU
		{4815A68C-D0E4-4DF0-9ABB-1C78D1F24A30}.Release|Any CPU.ActiveCfg = Release|Any CPU
		{4815A68C-D0E4-4DF0-9ABB-1C78D1F24A30}.Release|Any CPU.Build.0 = Release|Any CPU
		{4815A68C-D0E4-4DF0-9ABB-1C78D1F24A30}.Release|x64.ActiveCfg = Release|Any CPU
		{4815A68C-D0E4-4DF0-9ABB-1C78D1F24A30}.Release|x64.Build.0 = Release|Any CPU
		{4815A68C-D0E4-4DF0-9ABB-1C78D1F24A30}.Release|x86.ActiveCfg = Release|Any CPU
		{4815A68C-D0E4-4DF0-9ABB-1C78D1F24A30}.Release|x86.Build.0 = Release|Any CPU
	EndGlobalSection
EndGlobal
